// !$*UTF8*$!
{
	archiveVersion = 1;
	classes = {
	};
	objectVersion = 50;
	objects = {

/* Begin PBXBuildFile section */
		5C5275B2219803FF00907E46 /* RxLEOSampleUsage.swift in Sources */ = {isa = PBXBuildFile; fileRef = 5C5275B1219803FF00907E46 /* RxLEOSampleUsage.swift */; };
		5C5275B42198041E00907E46 /* RxSwift.framework in Frameworks */ = {isa = PBXBuildFile; fileRef = 5C5275B32198041E00907E46 /* RxSwift.framework */; };
		5C5275B52198042600907E46 /* RxLEO.framework in Frameworks */ = {isa = PBXBuildFile; fileRef = 5C8C8E372196BB990071F0CA /* RxLEO.framework */; };
		5C8C8E482196BDF90071F0CA /* LEOApiGlobalErrorCode.swift in Sources */ = {isa = PBXBuildFile; fileRef = 5C8C8E472196BDF90071F0CA /* LEOApiGlobalErrorCode.swift */; };
		5C8C8E4A2196BE480071F0CA /* LEOBaseResponse.swift in Sources */ = {isa = PBXBuildFile; fileRef = 5C8C8E492196BE480071F0CA /* LEOBaseResponse.swift */; };
		5C8C8E4C2196BEA70071F0CA /* LEOApiErrorCode.swift in Sources */ = {isa = PBXBuildFile; fileRef = 5C8C8E4B2196BEA70071F0CA /* LEOApiErrorCode.swift */; };
		5C8C8E4E2196BF220071F0CA /* LEOError.swift in Sources */ = {isa = PBXBuildFile; fileRef = 5C8C8E4D2196BF220071F0CA /* LEOError.swift */; };
		5C8C8E502196C22B0071F0CA /* LEOObjectResponse.swift in Sources */ = {isa = PBXBuildFile; fileRef = 5C8C8E4F2196C22B0071F0CA /* LEOObjectResponse.swift */; };
		5C8C8E522196C3D70071F0CA /* LEOArrayResponse.swift in Sources */ = {isa = PBXBuildFile; fileRef = 5C8C8E512196C3D70071F0CA /* LEOArrayResponse.swift */; };
		5C8C8E542196C5070071F0CA /* LEOListResponse.swift in Sources */ = {isa = PBXBuildFile; fileRef = 5C8C8E532196C5070071F0CA /* LEOListResponse.swift */; };
		5C8C8E582196C9070071F0CA /* LEOMediaResource.swift in Sources */ = {isa = PBXBuildFile; fileRef = 5C8C8E572196C9070071F0CA /* LEOMediaResource.swift */; };
		5C8C8E5A2196CA490071F0CA /* LEOMediaResourceUploadLink.swift in Sources */ = {isa = PBXBuildFile; fileRef = 5C8C8E592196CA490071F0CA /* LEOMediaResourceUploadLink.swift */; };
		5C92CE7321971F2E00EB37BC /* LEOAPIProvider.swift in Sources */ = {isa = PBXBuildFile; fileRef = 5C92CE7221971F2E00EB37BC /* LEOAPIProvider.swift */; };
		5C92CE7521971F6A00EB37BC /* RxLEOAPIProvider.swift in Sources */ = {isa = PBXBuildFile; fileRef = 5C92CE7421971F6A00EB37BC /* RxLEOAPIProvider.swift */; };
		5C92CE772197201800EB37BC /* LEOCommonRoute.swift in Sources */ = {isa = PBXBuildFile; fileRef = 5C92CE762197201800EB37BC /* LEOCommonRoute.swift */; };
		5C92CE79219720D000EB37BC /* RxNick.framework in Frameworks */ = {isa = PBXBuildFile; fileRef = 5C92CE78219720D000EB37BC /* RxNick.framework */; };
		5C92CE7B219723A500EB37BC /* LEOBodyfulRoute.swift in Sources */ = {isa = PBXBuildFile; fileRef = 5C92CE7A219723A500EB37BC /* LEOBodyfulRoute.swift */; };
		5C92CE7D219737B900EB37BC /* LEOBodylessRoute.swift in Sources */ = {isa = PBXBuildFile; fileRef = 5C92CE7C219737B900EB37BC /* LEOBodylessRoute.swift */; };
/* End PBXBuildFile section */

/* Begin PBXFileReference section */
		5C5275A9219803ED00907E46 /* RxLEOSampleUsage.framework */ = {isa = PBXFileReference; explicitFileType = wrapper.framework; includeInIndex = 0; path = RxLEOSampleUsage.framework; sourceTree = BUILT_PRODUCTS_DIR; };
		5C5275AC219803ED00907E46 /* Info.plist */ = {isa = PBXFileReference; lastKnownFileType = text.plist.xml; path = Info.plist; sourceTree = "<group>"; };
		5C5275B1219803FF00907E46 /* RxLEOSampleUsage.swift */ = {isa = PBXFileReference; lastKnownFileType = sourcecode.swift; path = RxLEOSampleUsage.swift; sourceTree = "<group>"; };
		5C5275B32198041E00907E46 /* RxSwift.framework */ = {isa = PBXFileReference; lastKnownFileType = wrapper.framework; name = RxSwift.framework; path = Carthage/Build/iOS/RxSwift.framework; sourceTree = "<group>"; };
		5C8C8E372196BB990071F0CA /* RxLEO.framework */ = {isa = PBXFileReference; explicitFileType = wrapper.framework; includeInIndex = 0; path = RxLEO.framework; sourceTree = BUILT_PRODUCTS_DIR; };
		5C8C8E3B2196BB990071F0CA /* Info.plist */ = {isa = PBXFileReference; lastKnownFileType = text.plist.xml; path = Info.plist; sourceTree = "<group>"; };
		5C8C8E472196BDF90071F0CA /* LEOApiGlobalErrorCode.swift */ = {isa = PBXFileReference; lastKnownFileType = sourcecode.swift; path = LEOApiGlobalErrorCode.swift; sourceTree = "<group>"; };
		5C8C8E492196BE480071F0CA /* LEOBaseResponse.swift */ = {isa = PBXFileReference; lastKnownFileType = sourcecode.swift; path = LEOBaseResponse.swift; sourceTree = "<group>"; };
		5C8C8E4B2196BEA70071F0CA /* LEOApiErrorCode.swift */ = {isa = PBXFileReference; lastKnownFileType = sourcecode.swift; path = LEOApiErrorCode.swift; sourceTree = "<group>"; };
		5C8C8E4D2196BF220071F0CA /* LEOError.swift */ = {isa = PBXFileReference; lastKnownFileType = sourcecode.swift; path = LEOError.swift; sourceTree = "<group>"; };
		5C8C8E4F2196C22B0071F0CA /* LEOObjectResponse.swift */ = {isa = PBXFileReference; lastKnownFileType = sourcecode.swift; path = LEOObjectResponse.swift; sourceTree = "<group>"; };
		5C8C8E512196C3D70071F0CA /* LEOArrayResponse.swift */ = {isa = PBXFileReference; lastKnownFileType = sourcecode.swift; path = LEOArrayResponse.swift; sourceTree = "<group>"; };
		5C8C8E532196C5070071F0CA /* LEOListResponse.swift */ = {isa = PBXFileReference; lastKnownFileType = sourcecode.swift; path = LEOListResponse.swift; sourceTree = "<group>"; };
		5C8C8E572196C9070071F0CA /* LEOMediaResource.swift */ = {isa = PBXFileReference; lastKnownFileType = sourcecode.swift; path = LEOMediaResource.swift; sourceTree = "<group>"; };
		5C8C8E592196CA490071F0CA /* LEOMediaResourceUploadLink.swift */ = {isa = PBXFileReference; lastKnownFileType = sourcecode.swift; path = LEOMediaResourceUploadLink.swift; sourceTree = "<group>"; };
		5C8C8E5B2196CBB50071F0CA /* README.md */ = {isa = PBXFileReference; lastKnownFileType = net.daringfireball.markdown; path = README.md; sourceTree = "<group>"; };
		5C92CE7221971F2E00EB37BC /* LEOAPIProvider.swift */ = {isa = PBXFileReference; lastKnownFileType = sourcecode.swift; path = LEOAPIProvider.swift; sourceTree = "<group>"; };
		5C92CE7421971F6A00EB37BC /* RxLEOAPIProvider.swift */ = {isa = PBXFileReference; lastKnownFileType = sourcecode.swift; path = RxLEOAPIProvider.swift; sourceTree = "<group>"; };
		5C92CE762197201800EB37BC /* LEOCommonRoute.swift */ = {isa = PBXFileReference; lastKnownFileType = sourcecode.swift; path = LEOCommonRoute.swift; sourceTree = "<group>"; };
		5C92CE78219720D000EB37BC /* RxNick.framework */ = {isa = PBXFileReference; lastKnownFileType = wrapper.framework; name = RxNick.framework; path = Carthage/Build/iOS/Static/RxNick.framework; sourceTree = "<group>"; };
		5C92CE7A219723A500EB37BC /* LEOBodyfulRoute.swift */ = {isa = PBXFileReference; lastKnownFileType = sourcecode.swift; path = LEOBodyfulRoute.swift; sourceTree = "<group>"; };
		5C92CE7C219737B900EB37BC /* LEOBodylessRoute.swift */ = {isa = PBXFileReference; lastKnownFileType = sourcecode.swift; path = LEOBodylessRoute.swift; sourceTree = "<group>"; };
/* End PBXFileReference section */

/* Begin PBXFrameworksBuildPhase section */
		5C5275A6219803ED00907E46 /* Frameworks */ = {
			isa = PBXFrameworksBuildPhase;
			buildActionMask = 2147483647;
			files = (
				5C5275B52198042600907E46 /* RxLEO.framework in Frameworks */,
			);
			runOnlyForDeploymentPostprocessing = 0;
		};
		5C8C8E342196BB990071F0CA /* Frameworks */ = {
			isa = PBXFrameworksBuildPhase;
			buildActionMask = 2147483647;
			files = (
				5C92CE79219720D000EB37BC /* RxNick.framework in Frameworks */,
				5C5275B42198041E00907E46 /* RxSwift.framework in Frameworks */,
			);
			runOnlyForDeploymentPostprocessing = 0;
		};
/* End PBXFrameworksBuildPhase section */

/* Begin PBXGroup section */
		5C5275AA219803ED00907E46 /* RxLEOSampleUsage */ = {
			isa = PBXGroup;
			children = (
				5C5275AC219803ED00907E46 /* Info.plist */,
				5C5275B1219803FF00907E46 /* RxLEOSampleUsage.swift */,
			);
			path = RxLEOSampleUsage;
			sourceTree = "<group>";
		};
		5C8C8E2D2196BB980071F0CA = {
			isa = PBXGroup;
			children = (
				5C8C8E5B2196CBB50071F0CA /* README.md */,
				5C8C8E392196BB990071F0CA /* RxLEO */,
				5C5275AA219803ED00907E46 /* RxLEOSampleUsage */,
				5C8C8E382196BB990071F0CA /* Products */,
				5C8C8E422196BD9D0071F0CA /* Frameworks */,
			);
			sourceTree = "<group>";
		};
		5C8C8E382196BB990071F0CA /* Products */ = {
			isa = PBXGroup;
			children = (
				5C8C8E372196BB990071F0CA /* RxLEO.framework */,
				5C5275A9219803ED00907E46 /* RxLEOSampleUsage.framework */,
			);
			name = Products;
			sourceTree = "<group>";
		};
		5C8C8E392196BB990071F0CA /* RxLEO */ = {
			isa = PBXGroup;
			children = (
				5C92CE7121971EA600EB37BC /* Models */,
				5C8C8E3B2196BB990071F0CA /* Info.plist */,
				5C92CE7221971F2E00EB37BC /* LEOAPIProvider.swift */,
				5C92CE7421971F6A00EB37BC /* RxLEOAPIProvider.swift */,
				5C92CE762197201800EB37BC /* LEOCommonRoute.swift */,
				5C92CE7A219723A500EB37BC /* LEOBodyfulRoute.swift */,
				5C92CE7C219737B900EB37BC /* LEOBodylessRoute.swift */,
			);
			path = RxLEO;
			sourceTree = "<group>";
		};
		5C8C8E422196BD9D0071F0CA /* Frameworks */ = {
			isa = PBXGroup;
			children = (
				5C5275B32198041E00907E46 /* RxSwift.framework */,
				5C92CE78219720D000EB37BC /* RxNick.framework */,
			);
			name = Frameworks;
			sourceTree = "<group>";
		};
		5C92CE7121971EA600EB37BC /* Models */ = {
			isa = PBXGroup;
			children = (
				5C8C8E472196BDF90071F0CA /* LEOApiGlobalErrorCode.swift */,
				5C8C8E492196BE480071F0CA /* LEOBaseResponse.swift */,
				5C8C8E4B2196BEA70071F0CA /* LEOApiErrorCode.swift */,
				5C8C8E4D2196BF220071F0CA /* LEOError.swift */,
				5C8C8E4F2196C22B0071F0CA /* LEOObjectResponse.swift */,
				5C8C8E512196C3D70071F0CA /* LEOArrayResponse.swift */,
				5C8C8E532196C5070071F0CA /* LEOListResponse.swift */,
				5C8C8E572196C9070071F0CA /* LEOMediaResource.swift */,
				5C8C8E592196CA490071F0CA /* LEOMediaResourceUploadLink.swift */,
			);
			path = Models;
			sourceTree = "<group>";
		};
/* End PBXGroup section */

/* Begin PBXHeadersBuildPhase section */
		5C5275A4219803ED00907E46 /* Headers */ = {
			isa = PBXHeadersBuildPhase;
			buildActionMask = 2147483647;
			files = (
			);
			runOnlyForDeploymentPostprocessing = 0;
		};
		5C8C8E322196BB990071F0CA /* Headers */ = {
			isa = PBXHeadersBuildPhase;
			buildActionMask = 2147483647;
			files = (
			);
			runOnlyForDeploymentPostprocessing = 0;
		};
/* End PBXHeadersBuildPhase section */

/* Begin PBXNativeTarget section */
		5C5275A8219803ED00907E46 /* RxLEOSampleUsage */ = {
			isa = PBXNativeTarget;
			buildConfigurationList = 5C5275B0219803ED00907E46 /* Build configuration list for PBXNativeTarget "RxLEOSampleUsage" */;
			buildPhases = (
				5C5275A4219803ED00907E46 /* Headers */,
				5C5275A5219803ED00907E46 /* Sources */,
				5C5275A6219803ED00907E46 /* Frameworks */,
				5C5275A7219803ED00907E46 /* Resources */,
			);
			buildRules = (
			);
			dependencies = (
			);
			name = RxLEOSampleUsage;
			productName = RxLEOSampleUsage;
			productReference = 5C5275A9219803ED00907E46 /* RxLEOSampleUsage.framework */;
			productType = "com.apple.product-type.framework";
		};
		5C8C8E362196BB990071F0CA /* RxLEO */ = {
			isa = PBXNativeTarget;
			buildConfigurationList = 5C8C8E3F2196BB990071F0CA /* Build configuration list for PBXNativeTarget "RxLEO" */;
			buildPhases = (
				5C8C8E322196BB990071F0CA /* Headers */,
				5C8C8E332196BB990071F0CA /* Sources */,
				5C8C8E342196BB990071F0CA /* Frameworks */,
				5C8C8E352196BB990071F0CA /* Resources */,
			);
			buildRules = (
			);
			dependencies = (
			);
			name = RxLEO;
			productName = RxLEO;
			productReference = 5C8C8E372196BB990071F0CA /* RxLEO.framework */;
			productType = "com.apple.product-type.framework";
		};
/* End PBXNativeTarget section */

/* Begin PBXProject section */
		5C8C8E2E2196BB980071F0CA /* Project object */ = {
			isa = PBXProject;
			attributes = {
				LastUpgradeCheck = 1010;
				ORGANIZATIONNAME = "Isaac Weisberg";
				TargetAttributes = {
					5C5275A8219803ED00907E46 = {
						CreatedOnToolsVersion = 10.1;
						LastSwiftMigration = 1010;
					};
					5C8C8E362196BB990071F0CA = {
						CreatedOnToolsVersion = 10.1;
						LastSwiftMigration = 1010;
					};
				};
			};
			buildConfigurationList = 5C8C8E312196BB980071F0CA /* Build configuration list for PBXProject "RxLEO" */;
			compatibilityVersion = "Xcode 9.3";
			developmentRegion = en;
			hasScannedForEncodings = 0;
			knownRegions = (
				en,
			);
			mainGroup = 5C8C8E2D2196BB980071F0CA;
			productRefGroup = 5C8C8E382196BB990071F0CA /* Products */;
			projectDirPath = "";
			projectRoot = "";
			targets = (
				5C8C8E362196BB990071F0CA /* RxLEO */,
				5C5275A8219803ED00907E46 /* RxLEOSampleUsage */,
			);
		};
/* End PBXProject section */

/* Begin PBXResourcesBuildPhase section */
		5C5275A7219803ED00907E46 /* Resources */ = {
			isa = PBXResourcesBuildPhase;
			buildActionMask = 2147483647;
			files = (
			);
			runOnlyForDeploymentPostprocessing = 0;
		};
		5C8C8E352196BB990071F0CA /* Resources */ = {
			isa = PBXResourcesBuildPhase;
			buildActionMask = 2147483647;
			files = (
			);
			runOnlyForDeploymentPostprocessing = 0;
		};
/* End PBXResourcesBuildPhase section */

/* Begin PBXSourcesBuildPhase section */
		5C5275A5219803ED00907E46 /* Sources */ = {
			isa = PBXSourcesBuildPhase;
			buildActionMask = 2147483647;
			files = (
				5C5275B2219803FF00907E46 /* RxLEOSampleUsage.swift in Sources */,
			);
			runOnlyForDeploymentPostprocessing = 0;
		};
		5C8C8E332196BB990071F0CA /* Sources */ = {
			isa = PBXSourcesBuildPhase;
			buildActionMask = 2147483647;
			files = (
				5C8C8E5A2196CA490071F0CA /* LEOMediaResourceUploadLink.swift in Sources */,
				5C8C8E4A2196BE480071F0CA /* LEOBaseResponse.swift in Sources */,
				5C92CE7521971F6A00EB37BC /* RxLEOAPIProvider.swift in Sources */,
				5C8C8E582196C9070071F0CA /* LEOMediaResource.swift in Sources */,
				5C92CE7B219723A500EB37BC /* LEOBodyfulRoute.swift in Sources */,
				5C92CE7D219737B900EB37BC /* LEOBodylessRoute.swift in Sources */,
				5C92CE772197201800EB37BC /* LEOCommonRoute.swift in Sources */,
				5C8C8E482196BDF90071F0CA /* LEOApiGlobalErrorCode.swift in Sources */,
				5C8C8E542196C5070071F0CA /* LEOListResponse.swift in Sources */,
				5C8C8E502196C22B0071F0CA /* LEOObjectResponse.swift in Sources */,
				5C8C8E522196C3D70071F0CA /* LEOArrayResponse.swift in Sources */,
				5C8C8E4C2196BEA70071F0CA /* LEOApiErrorCode.swift in Sources */,
				5C92CE7321971F2E00EB37BC /* LEOAPIProvider.swift in Sources */,
				5C8C8E4E2196BF220071F0CA /* LEOError.swift in Sources */,
			);
			runOnlyForDeploymentPostprocessing = 0;
		};
/* End PBXSourcesBuildPhase section */

/* Begin XCBuildConfiguration section */
		5C5275AE219803ED00907E46 /* Debug */ = {
			isa = XCBuildConfiguration;
			buildSettings = {
				CLANG_ENABLE_MODULES = YES;
				CODE_SIGN_IDENTITY = "";
				CODE_SIGN_STYLE = Automatic;
				DEFINES_MODULE = YES;
				DEVELOPMENT_TEAM = QZRPL4EC5L;
				DYLIB_COMPATIBILITY_VERSION = 1;
				DYLIB_CURRENT_VERSION = 1;
				DYLIB_INSTALL_NAME_BASE = "@rpath";
				INFOPLIST_FILE = RxLEOSampleUsage/Info.plist;
				INSTALL_PATH = "$(LOCAL_LIBRARY_DIR)/Frameworks";
				IPHONEOS_DEPLOYMENT_TARGET = 9.0;
				LD_RUNPATH_SEARCH_PATHS = (
					"$(inherited)",
					"@executable_path/Frameworks",
					"@loader_path/Frameworks",
				);
				MACH_O_TYPE = staticlib;
				PRODUCT_BUNDLE_IDENTIFIER = "net.caroline-weisberg.RxLEOSampleUsage";
				PRODUCT_NAME = "$(TARGET_NAME:c99extidentifier)";
				SKIP_INSTALL = YES;
				SWIFT_OPTIMIZATION_LEVEL = "-Onone";
				SWIFT_VERSION = 4.2;
				TARGETED_DEVICE_FAMILY = "1,2";
			};
			name = Debug;
		};
		5C5275AF219803ED00907E46 /* Release */ = {
			isa = XCBuildConfiguration;
			buildSettings = {
				CLANG_ENABLE_MODULES = YES;
				CODE_SIGN_IDENTITY = "";
				CODE_SIGN_STYLE = Automatic;
				DEFINES_MODULE = YES;
				DEVELOPMENT_TEAM = QZRPL4EC5L;
				DYLIB_COMPATIBILITY_VERSION = 1;
				DYLIB_CURRENT_VERSION = 1;
				DYLIB_INSTALL_NAME_BASE = "@rpath";
				INFOPLIST_FILE = RxLEOSampleUsage/Info.plist;
				INSTALL_PATH = "$(LOCAL_LIBRARY_DIR)/Frameworks";
				IPHONEOS_DEPLOYMENT_TARGET = 9.0;
				LD_RUNPATH_SEARCH_PATHS = (
					"$(inherited)",
					"@executable_path/Frameworks",
					"@loader_path/Frameworks",
				);
				MACH_O_TYPE = staticlib;
				PRODUCT_BUNDLE_IDENTIFIER = "net.caroline-weisberg.RxLEOSampleUsage";
				PRODUCT_NAME = "$(TARGET_NAME:c99extidentifier)";
				SKIP_INSTALL = YES;
				SWIFT_VERSION = 4.2;
				TARGETED_DEVICE_FAMILY = "1,2";
			};
			name = Release;
		};
		5C8C8E3D2196BB990071F0CA /* Debug */ = {
			isa = XCBuildConfiguration;
			buildSettings = {
				ALWAYS_SEARCH_USER_PATHS = NO;
				CLANG_ANALYZER_NONNULL = YES;
				CLANG_ANALYZER_NUMBER_OBJECT_CONVERSION = YES_AGGRESSIVE;
				CLANG_CXX_LANGUAGE_STANDARD = "gnu++14";
				CLANG_CXX_LIBRARY = "libc++";
				CLANG_ENABLE_MODULES = YES;
				CLANG_ENABLE_OBJC_ARC = YES;
				CLANG_ENABLE_OBJC_WEAK = YES;
				CLANG_WARN_BLOCK_CAPTURE_AUTORELEASING = YES;
				CLANG_WARN_BOOL_CONVERSION = YES;
				CLANG_WARN_COMMA = YES;
				CLANG_WARN_CONSTANT_CONVERSION = YES;
				CLANG_WARN_DEPRECATED_OBJC_IMPLEMENTATIONS = YES;
				CLANG_WARN_DIRECT_OBJC_ISA_USAGE = YES_ERROR;
				CLANG_WARN_DOCUMENTATION_COMMENTS = YES;
				CLANG_WARN_EMPTY_BODY = YES;
				CLANG_WARN_ENUM_CONVERSION = YES;
				CLANG_WARN_INFINITE_RECURSION = YES;
				CLANG_WARN_INT_CONVERSION = YES;
				CLANG_WARN_NON_LITERAL_NULL_CONVERSION = YES;
				CLANG_WARN_OBJC_IMPLICIT_RETAIN_SELF = YES;
				CLANG_WARN_OBJC_LITERAL_CONVERSION = YES;
				CLANG_WARN_OBJC_ROOT_CLASS = YES_ERROR;
				CLANG_WARN_RANGE_LOOP_ANALYSIS = YES;
				CLANG_WARN_STRICT_PROTOTYPES = YES;
				CLANG_WARN_SUSPICIOUS_MOVE = YES;
				CLANG_WARN_UNGUARDED_AVAILABILITY = YES_AGGRESSIVE;
				CLANG_WARN_UNREACHABLE_CODE = YES;
				CLANG_WARN__DUPLICATE_METHOD_MATCH = YES;
				CODE_SIGN_IDENTITY = "iPhone Developer";
				COPY_PHASE_STRIP = NO;
				CURRENT_PROJECT_VERSION = 1;
				DEBUG_INFORMATION_FORMAT = dwarf;
				ENABLE_STRICT_OBJC_MSGSEND = YES;
				ENABLE_TESTABILITY = YES;
				GCC_C_LANGUAGE_STANDARD = gnu11;
				GCC_DYNAMIC_NO_PIC = NO;
				GCC_NO_COMMON_BLOCKS = YES;
				GCC_OPTIMIZATION_LEVEL = 0;
				GCC_PREPROCESSOR_DEFINITIONS = (
					"DEBUG=1",
					"$(inherited)",
				);
				GCC_WARN_64_TO_32_BIT_CONVERSION = YES;
				GCC_WARN_ABOUT_RETURN_TYPE = YES_ERROR;
				GCC_WARN_UNDECLARED_SELECTOR = YES;
				GCC_WARN_UNINITIALIZED_AUTOS = YES_AGGRESSIVE;
				GCC_WARN_UNUSED_FUNCTION = YES;
				GCC_WARN_UNUSED_VARIABLE = YES;
				IPHONEOS_DEPLOYMENT_TARGET = 12.1;
				MTL_ENABLE_DEBUG_INFO = INCLUDE_SOURCE;
				MTL_FAST_MATH = YES;
				ONLY_ACTIVE_ARCH = YES;
				SDKROOT = iphoneos;
				SWIFT_ACTIVE_COMPILATION_CONDITIONS = DEBUG;
				SWIFT_OPTIMIZATION_LEVEL = "-Onone";
				VERSIONING_SYSTEM = "apple-generic";
				VERSION_INFO_PREFIX = "";
			};
			name = Debug;
		};
		5C8C8E3E2196BB990071F0CA /* Release */ = {
			isa = XCBuildConfiguration;
			buildSettings = {
				ALWAYS_SEARCH_USER_PATHS = NO;
				CLANG_ANALYZER_NONNULL = YES;
				CLANG_ANALYZER_NUMBER_OBJECT_CONVERSION = YES_AGGRESSIVE;
				CLANG_CXX_LANGUAGE_STANDARD = "gnu++14";
				CLANG_CXX_LIBRARY = "libc++";
				CLANG_ENABLE_MODULES = YES;
				CLANG_ENABLE_OBJC_ARC = YES;
				CLANG_ENABLE_OBJC_WEAK = YES;
				CLANG_WARN_BLOCK_CAPTURE_AUTORELEASING = YES;
				CLANG_WARN_BOOL_CONVERSION = YES;
				CLANG_WARN_COMMA = YES;
				CLANG_WARN_CONSTANT_CONVERSION = YES;
				CLANG_WARN_DEPRECATED_OBJC_IMPLEMENTATIONS = YES;
				CLANG_WARN_DIRECT_OBJC_ISA_USAGE = YES_ERROR;
				CLANG_WARN_DOCUMENTATION_COMMENTS = YES;
				CLANG_WARN_EMPTY_BODY = YES;
				CLANG_WARN_ENUM_CONVERSION = YES;
				CLANG_WARN_INFINITE_RECURSION = YES;
				CLANG_WARN_INT_CONVERSION = YES;
				CLANG_WARN_NON_LITERAL_NULL_CONVERSION = YES;
				CLANG_WARN_OBJC_IMPLICIT_RETAIN_SELF = YES;
				CLANG_WARN_OBJC_LITERAL_CONVERSION = YES;
				CLANG_WARN_OBJC_ROOT_CLASS = YES_ERROR;
				CLANG_WARN_RANGE_LOOP_ANALYSIS = YES;
				CLANG_WARN_STRICT_PROTOTYPES = YES;
				CLANG_WARN_SUSPICIOUS_MOVE = YES;
				CLANG_WARN_UNGUARDED_AVAILABILITY = YES_AGGRESSIVE;
				CLANG_WARN_UNREACHABLE_CODE = YES;
				CLANG_WARN__DUPLICATE_METHOD_MATCH = YES;
				CODE_SIGN_IDENTITY = "iPhone Developer";
				COPY_PHASE_STRIP = NO;
				CURRENT_PROJECT_VERSION = 1;
				DEBUG_INFORMATION_FORMAT = "dwarf-with-dsym";
				ENABLE_NS_ASSERTIONS = NO;
				ENABLE_STRICT_OBJC_MSGSEND = YES;
				GCC_C_LANGUAGE_STANDARD = gnu11;
				GCC_NO_COMMON_BLOCKS = YES;
				GCC_WARN_64_TO_32_BIT_CONVERSION = YES;
				GCC_WARN_ABOUT_RETURN_TYPE = YES_ERROR;
				GCC_WARN_UNDECLARED_SELECTOR = YES;
				GCC_WARN_UNINITIALIZED_AUTOS = YES_AGGRESSIVE;
				GCC_WARN_UNUSED_FUNCTION = YES;
				GCC_WARN_UNUSED_VARIABLE = YES;
				IPHONEOS_DEPLOYMENT_TARGET = 12.1;
				MTL_ENABLE_DEBUG_INFO = NO;
				MTL_FAST_MATH = YES;
				SDKROOT = iphoneos;
				SWIFT_COMPILATION_MODE = wholemodule;
				SWIFT_OPTIMIZATION_LEVEL = "-O";
				VALIDATE_PRODUCT = YES;
				VERSIONING_SYSTEM = "apple-generic";
				VERSION_INFO_PREFIX = "";
			};
			name = Release;
		};
		5C8C8E402196BB990071F0CA /* Debug */ = {
			isa = XCBuildConfiguration;
			buildSettings = {
				CLANG_ENABLE_MODULES = YES;
				CODE_SIGN_IDENTITY = "";
				CODE_SIGN_STYLE = Automatic;
				DEFINES_MODULE = YES;
				DEVELOPMENT_TEAM = QZRPL4EC5L;
				DYLIB_COMPATIBILITY_VERSION = 1;
				DYLIB_CURRENT_VERSION = 1;
				DYLIB_INSTALL_NAME_BASE = "@rpath";
				FRAMEWORK_SEARCH_PATHS = (
					"$(inherited)",
					"$(PROJECT_DIR)/Carthage/Build/iOS",
					"$(PROJECT_DIR)/Carthage/Build/iOS/Static",
				);
				INFOPLIST_FILE = RxLEO/Info.plist;
				INSTALL_PATH = "$(LOCAL_LIBRARY_DIR)/Frameworks";
				IPHONEOS_DEPLOYMENT_TARGET = 9.0;
				LD_RUNPATH_SEARCH_PATHS = (
					"$(inherited)",
					"@executable_path/Frameworks",
					"@loader_path/Frameworks",
				);
				PRODUCT_BUNDLE_IDENTIFIER = "net.caroline-weisberg.RxLEO";
				PRODUCT_NAME = "$(TARGET_NAME:c99extidentifier)";
				SKIP_INSTALL = YES;
				SWIFT_OPTIMIZATION_LEVEL = "-Onone";
				SWIFT_VERSION = 4.2;
				TARGETED_DEVICE_FAMILY = "1,2";
			};
			name = Debug;
		};
		5C8C8E412196BB990071F0CA /* Release */ = {
			isa = XCBuildConfiguration;
			buildSettings = {
				CLANG_ENABLE_MODULES = YES;
				CODE_SIGN_IDENTITY = "";
				CODE_SIGN_STYLE = Automatic;
				DEFINES_MODULE = YES;
				DEVELOPMENT_TEAM = QZRPL4EC5L;
				DYLIB_COMPATIBILITY_VERSION = 1;
				DYLIB_CURRENT_VERSION = 1;
				DYLIB_INSTALL_NAME_BASE = "@rpath";
				FRAMEWORK_SEARCH_PATHS = (
					"$(inherited)",
					"$(PROJECT_DIR)/Carthage/Build/iOS",
					"$(PROJECT_DIR)/Carthage/Build/iOS/Static",
				);
				INFOPLIST_FILE = RxLEO/Info.plist;
				INSTALL_PATH = "$(LOCAL_LIBRARY_DIR)/Frameworks";
				IPHONEOS_DEPLOYMENT_TARGET = 9.0;
				LD_RUNPATH_SEARCH_PATHS = (
					"$(inherited)",
					"@executable_path/Frameworks",
					"@loader_path/Frameworks",
				);
				PRODUCT_BUNDLE_IDENTIFIER = "net.caroline-weisberg.RxLEO";
				PRODUCT_NAME = "$(TARGET_NAME:c99extidentifier)";
				SKIP_INSTALL = YES;
				SWIFT_VERSION = 4.2;
				TARGETED_DEVICE_FAMILY = "1,2";
			};
			name = Release;
		};
/* End XCBuildConfiguration section */

/* Begin XCConfigurationList section */
		5C5275B0219803ED00907E46 /* Build configuration list for PBXNativeTarget "RxLEOSampleUsage" */ = {
			isa = XCConfigurationList;
			buildConfigurations = (
				5C5275AE219803ED00907E46 /* Debug */,
				5C5275AF219803ED00907E46 /* Release */,
			);
			defaultConfigurationIsVisible = 0;
			defaultConfigurationName = Release;
		};
		5C8C8E312196BB980071F0CA /* Build configuration list for PBXProject "RxLEO" */ = {
			isa = XCConfigurationList;
			buildConfigurations = (
				5C8C8E3D2196BB990071F0CA /* Debug */,
				5C8C8E3E2196BB990071F0CA /* Release */,
			);
			defaultConfigurationIsVisible = 0;
			defaultConfigurationName = Release;
		};
		5C8C8E3F2196BB990071F0CA /* Build configuration list for PBXNativeTarget "RxLEO" */ = {
			isa = XCConfigurationList;
			buildConfigurations = (
				5C8C8E402196BB990071F0CA /* Debug */,
				5C8C8E412196BB990071F0CA /* Release */,
			);
			defaultConfigurationIsVisible = 0;
			defaultConfigurationName = Release;
		};
/* End XCConfigurationList section */
	};
	rootObject = 5C8C8E2E2196BB980071F0CA /* Project object */;
}
